// !$*UTF8*$!
{
	archiveVersion = 1;
	classes = {
	};
	objectVersion = 46;
	objects = {

/* Begin PBXBuildFile section */
		68201C041444CA6300D23B5E /* UIKit.framework in Frameworks */ = {isa = PBXBuildFile; fileRef = 68201C031444CA6300D23B5E /* UIKit.framework */; };
		68201C061444CA6300D23B5E /* Foundation.framework in Frameworks */ = {isa = PBXBuildFile; fileRef = 68201C051444CA6300D23B5E /* Foundation.framework */; };
		68201C081444CA6300D23B5E /* CoreGraphics.framework in Frameworks */ = {isa = PBXBuildFile; fileRef = 68201C071444CA6300D23B5E /* CoreGraphics.framework */; };
		68201C0E1444CA6300D23B5E /* InfoPlist.strings in Resources */ = {isa = PBXBuildFile; fileRef = 68201C0C1444CA6300D23B5E /* InfoPlist.strings */; };
		68201C101444CA6300D23B5E /* main.m in Sources */ = {isa = PBXBuildFile; fileRef = 68201C0F1444CA6300D23B5E /* main.m */; };
		68201C141444CA6300D23B5E /* GraphingAppDelegate.m in Sources */ = {isa = PBXBuildFile; fileRef = 68201C131444CA6300D23B5E /* GraphingAppDelegate.m */; };
		68201C171444CA6300D23B5E /* MainWindow.xib in Resources */ = {isa = PBXBuildFile; fileRef = 68201C151444CA6300D23B5E /* MainWindow.xib */; };
		68201C1F1444CA6300D23B5E /* SenTestingKit.framework in Frameworks */ = {isa = PBXBuildFile; fileRef = 68201C1E1444CA6300D23B5E /* SenTestingKit.framework */; };
		68201C201444CA6300D23B5E /* UIKit.framework in Frameworks */ = {isa = PBXBuildFile; fileRef = 68201C031444CA6300D23B5E /* UIKit.framework */; };
		68201C211444CA6300D23B5E /* Foundation.framework in Frameworks */ = {isa = PBXBuildFile; fileRef = 68201C051444CA6300D23B5E /* Foundation.framework */; };
		68201C221444CA6300D23B5E /* CoreGraphics.framework in Frameworks */ = {isa = PBXBuildFile; fileRef = 68201C071444CA6300D23B5E /* CoreGraphics.framework */; };
		68201C2A1444CA6300D23B5E /* InfoPlist.strings in Resources */ = {isa = PBXBuildFile; fileRef = 68201C281444CA6300D23B5E /* InfoPlist.strings */; };
		68201C2C1444CA6300D23B5E /* GraphingTests.h in Resources */ = {isa = PBXBuildFile; fileRef = 68201C2B1444CA6300D23B5E /* GraphingTests.h */; };
		68201C2E1444CA6300D23B5E /* GraphingTests.m in Sources */ = {isa = PBXBuildFile; fileRef = 68201C2D1444CA6300D23B5E /* GraphingTests.m */; };
		68201C41144508B200D23B5E /* CalculatorBrain.m in Sources */ = {isa = PBXBuildFile; fileRef = 68201C40144508B200D23B5E /* CalculatorBrain.m */; };
		68201C49144508C700D23B5E /* CalculatorViewController.m in Sources */ = {isa = PBXBuildFile; fileRef = 68201C47144508C700D23B5E /* CalculatorViewController.m */; };
		68201C4A144508C700D23B5E /* CalculatorViewController.xib in Resources */ = {isa = PBXBuildFile; fileRef = 68201C48144508C700D23B5E /* CalculatorViewController.xib */; };
		68201C4D14450DB900D23B5E /* AxesDrawer.m in Sources */ = {isa = PBXBuildFile; fileRef = 68201C4C14450DB800D23B5E /* AxesDrawer.m */; };
		68201C511445149C00D23B5E /* GraphViewController.m in Sources */ = {isa = PBXBuildFile; fileRef = 68201C4F1445149B00D23B5E /* GraphViewController.m */; };
		68201C521445149C00D23B5E /* GraphViewController.xib in Resources */ = {isa = PBXBuildFile; fileRef = 68201C501445149B00D23B5E /* GraphViewController.xib */; };
/* End PBXBuildFile section */

/* Begin PBXContainerItemProxy section */
		68201C231444CA6300D23B5E /* PBXContainerItemProxy */ = {
			isa = PBXContainerItemProxy;
			containerPortal = 68201BF61444CA6300D23B5E /* Project object */;
			proxyType = 1;
			remoteGlobalIDString = 68201BFE1444CA6300D23B5E;
			remoteInfo = Graphing;
		};
/* End PBXContainerItemProxy section */

/* Begin PBXFileReference section */
		68201BFF1444CA6300D23B5E /* Graphing.app */ = {isa = PBXFileReference; explicitFileType = wrapper.application; includeInIndex = 0; path = Graphing.app; sourceTree = BUILT_PRODUCTS_DIR; };
		68201C031444CA6300D23B5E /* UIKit.framework */ = {isa = PBXFileReference; lastKnownFileType = wrapper.framework; name = UIKit.framework; path = System/Library/Frameworks/UIKit.framework; sourceTree = SDKROOT; };
		68201C051444CA6300D23B5E /* Foundation.framework */ = {isa = PBXFileReference; lastKnownFileType = wrapper.framework; name = Foundation.framework; path = System/Library/Frameworks/Foundation.framework; sourceTree = SDKROOT; };
		68201C071444CA6300D23B5E /* CoreGraphics.framework */ = {isa = PBXFileReference; lastKnownFileType = wrapper.framework; name = CoreGraphics.framework; path = System/Library/Frameworks/CoreGraphics.framework; sourceTree = SDKROOT; };
		68201C0B1444CA6300D23B5E /* Graphing-Info.plist */ = {isa = PBXFileReference; lastKnownFileType = text.plist.xml; path = "Graphing-Info.plist"; sourceTree = "<group>"; };
		68201C0D1444CA6300D23B5E /* en */ = {isa = PBXFileReference; lastKnownFileType = text.plist.strings; name = en; path = en.lproj/InfoPlist.strings; sourceTree = "<group>"; };
		68201C0F1444CA6300D23B5E /* main.m */ = {isa = PBXFileReference; lastKnownFileType = sourcecode.c.objc; path = main.m; sourceTree = "<group>"; };
		68201C111444CA6300D23B5E /* Graphing-Prefix.pch */ = {isa = PBXFileReference; lastKnownFileType = sourcecode.c.h; path = "Graphing-Prefix.pch"; sourceTree = "<group>"; };
		68201C121444CA6300D23B5E /* GraphingAppDelegate.h */ = {isa = PBXFileReference; lastKnownFileType = sourcecode.c.h; path = GraphingAppDelegate.h; sourceTree = "<group>"; };
		68201C131444CA6300D23B5E /* GraphingAppDelegate.m */ = {isa = PBXFileReference; lastKnownFileType = sourcecode.c.objc; path = GraphingAppDelegate.m; sourceTree = "<group>"; };
		68201C161444CA6300D23B5E /* en */ = {isa = PBXFileReference; lastKnownFileType = file.xib; name = en; path = en.lproj/MainWindow.xib; sourceTree = "<group>"; };
		68201C1D1444CA6300D23B5E /* GraphingTests.octest */ = {isa = PBXFileReference; explicitFileType = wrapper.cfbundle; includeInIndex = 0; path = GraphingTests.octest; sourceTree = BUILT_PRODUCTS_DIR; };
		68201C1E1444CA6300D23B5E /* SenTestingKit.framework */ = {isa = PBXFileReference; lastKnownFileType = wrapper.framework; name = SenTestingKit.framework; path = Library/Frameworks/SenTestingKit.framework; sourceTree = DEVELOPER_DIR; };
		68201C271444CA6300D23B5E /* GraphingTests-Info.plist */ = {isa = PBXFileReference; lastKnownFileType = text.plist.xml; path = "GraphingTests-Info.plist"; sourceTree = "<group>"; };
		68201C291444CA6300D23B5E /* en */ = {isa = PBXFileReference; lastKnownFileType = text.plist.strings; name = en; path = en.lproj/InfoPlist.strings; sourceTree = "<group>"; };
		68201C2B1444CA6300D23B5E /* GraphingTests.h */ = {isa = PBXFileReference; lastKnownFileType = sourcecode.c.h; path = GraphingTests.h; sourceTree = "<group>"; };
		68201C2D1444CA6300D23B5E /* GraphingTests.m */ = {isa = PBXFileReference; lastKnownFileType = sourcecode.c.objc; path = GraphingTests.m; sourceTree = "<group>"; };
		68201C40144508B200D23B5E /* CalculatorBrain.m */ = {isa = PBXFileReference; fileEncoding = 4; lastKnownFileType = sourcecode.c.objc; path = CalculatorBrain.m; sourceTree = "<group>"; };
		68201C42144508BE00D23B5E /* CalculatorBrain.h */ = {isa = PBXFileReference; fileEncoding = 4; lastKnownFileType = sourcecode.c.h; path = CalculatorBrain.h; sourceTree = "<group>"; };
		68201C46144508C600D23B5E /* CalculatorViewController.h */ = {isa = PBXFileReference; fileEncoding = 4; lastKnownFileType = sourcecode.c.h; path = CalculatorViewController.h; sourceTree = "<group>"; };
		68201C47144508C700D23B5E /* CalculatorViewController.m */ = {isa = PBXFileReference; fileEncoding = 4; lastKnownFileType = sourcecode.c.objc; path = CalculatorViewController.m; sourceTree = "<group>"; };
		68201C48144508C700D23B5E /* CalculatorViewController.xib */ = {isa = PBXFileReference; fileEncoding = 4; lastKnownFileType = file.xib; path = CalculatorViewController.xib; sourceTree = "<group>"; };
		68201C4B14450DB800D23B5E /* AxesDrawer.h */ = {isa = PBXFileReference; fileEncoding = 4; lastKnownFileType = sourcecode.c.h; path = AxesDrawer.h; sourceTree = "<group>"; };
		68201C4C14450DB800D23B5E /* AxesDrawer.m */ = {isa = PBXFileReference; fileEncoding = 4; lastKnownFileType = sourcecode.c.objc; path = AxesDrawer.m; sourceTree = "<group>"; };
		68201C4E1445149B00D23B5E /* GraphViewController.h */ = {isa = PBXFileReference; fileEncoding = 4; lastKnownFileType = sourcecode.c.h; path = GraphViewController.h; sourceTree = "<group>"; };
		68201C4F1445149B00D23B5E /* GraphViewController.m */ = {isa = PBXFileReference; fileEncoding = 4; lastKnownFileType = sourcecode.c.objc; path = GraphViewController.m; sourceTree = "<group>"; };
		68201C501445149B00D23B5E /* GraphViewController.xib */ = {isa = PBXFileReference; fileEncoding = 4; lastKnownFileType = file.xib; path = GraphViewController.xib; sourceTree = "<group>"; };
/* End PBXFileReference section */

/* Begin PBXFrameworksBuildPhase section */
		68201BFC1444CA6300D23B5E /* Frameworks */ = {
			isa = PBXFrameworksBuildPhase;
			buildActionMask = 2147483647;
			files = (
				68201C041444CA6300D23B5E /* UIKit.framework in Frameworks */,
				68201C061444CA6300D23B5E /* Foundation.framework in Frameworks */,
				68201C081444CA6300D23B5E /* CoreGraphics.framework in Frameworks */,
			);
			runOnlyForDeploymentPostprocessing = 0;
		};
		68201C191444CA6300D23B5E /* Frameworks */ = {
			isa = PBXFrameworksBuildPhase;
			buildActionMask = 2147483647;
			files = (
				68201C1F1444CA6300D23B5E /* SenTestingKit.framework in Frameworks */,
				68201C201444CA6300D23B5E /* UIKit.framework in Frameworks */,
				68201C211444CA6300D23B5E /* Foundation.framework in Frameworks */,
				68201C221444CA6300D23B5E /* CoreGraphics.framework in Frameworks */,
			);
			runOnlyForDeploymentPostprocessing = 0;
		};
/* End PBXFrameworksBuildPhase section */

/* Begin PBXGroup section */
		68201BF41444CA6300D23B5E = {
			isa = PBXGroup;
			children = (
				68201C091444CA6300D23B5E /* Graphing */,
				68201C251444CA6300D23B5E /* GraphingTests */,
				68201C021444CA6300D23B5E /* Frameworks */,
				68201C001444CA6300D23B5E /* Products */,
			);
			sourceTree = "<group>";
		};
		68201C001444CA6300D23B5E /* Products */ = {
			isa = PBXGroup;
			children = (
				68201BFF1444CA6300D23B5E /* Graphing.app */,
				68201C1D1444CA6300D23B5E /* GraphingTests.octest */,
			);
			name = Products;
			sourceTree = "<group>";
		};
		68201C021444CA6300D23B5E /* Frameworks */ = {
			isa = PBXGroup;
			children = (
				68201C031444CA6300D23B5E /* UIKit.framework */,
				68201C051444CA6300D23B5E /* Foundation.framework */,
				68201C071444CA6300D23B5E /* CoreGraphics.framework */,
				68201C1E1444CA6300D23B5E /* SenTestingKit.framework */,
			);
			name = Frameworks;
			sourceTree = "<group>";
		};
		68201C091444CA6300D23B5E /* Graphing */ = {
			isa = PBXGroup;
			children = (
				68201C121444CA6300D23B5E /* GraphingAppDelegate.h */,
				68201C131444CA6300D23B5E /* GraphingAppDelegate.m */,
				68201C4B14450DB800D23B5E /* AxesDrawer.h */,
				68201C4C14450DB800D23B5E /* AxesDrawer.m */,
				68201C42144508BE00D23B5E /* CalculatorBrain.h */,
				68201C40144508B200D23B5E /* CalculatorBrain.m */,
				68201C46144508C600D23B5E /* CalculatorViewController.h */,
				68201C47144508C700D23B5E /* CalculatorViewController.m */,
				68201C4E1445149B00D23B5E /* GraphViewController.h */,
				68201C4F1445149B00D23B5E /* GraphViewController.m */,
				68201C151444CA6300D23B5E /* MainWindow.xib */,
				68201C48144508C700D23B5E /* CalculatorViewController.xib */,
				68201C501445149B00D23B5E /* GraphViewController.xib */,
				68201C0A1444CA6300D23B5E /* Supporting Files */,
			);
			path = Graphing;
			sourceTree = "<group>";
		};
		68201C0A1444CA6300D23B5E /* Supporting Files */ = {
			isa = PBXGroup;
			children = (
				68201C0B1444CA6300D23B5E /* Graphing-Info.plist */,
				68201C0C1444CA6300D23B5E /* InfoPlist.strings */,
				68201C0F1444CA6300D23B5E /* main.m */,
				68201C111444CA6300D23B5E /* Graphing-Prefix.pch */,
			);
			name = "Supporting Files";
			sourceTree = "<group>";
		};
		68201C251444CA6300D23B5E /* GraphingTests */ = {
			isa = PBXGroup;
			children = (
				68201C2B1444CA6300D23B5E /* GraphingTests.h */,
				68201C2D1444CA6300D23B5E /* GraphingTests.m */,
				68201C261444CA6300D23B5E /* Supporting Files */,
			);
			path = GraphingTests;
			sourceTree = "<group>";
		};
		68201C261444CA6300D23B5E /* Supporting Files */ = {
			isa = PBXGroup;
			children = (
				68201C271444CA6300D23B5E /* GraphingTests-Info.plist */,
				68201C281444CA6300D23B5E /* InfoPlist.strings */,
			);
			name = "Supporting Files";
			sourceTree = "<group>";
		};
/* End PBXGroup section */

/* Begin PBXNativeTarget section */
		68201BFE1444CA6300D23B5E /* Graphing */ = {
			isa = PBXNativeTarget;
			buildConfigurationList = 68201C311444CA6300D23B5E /* Build configuration list for PBXNativeTarget "Graphing" */;
			buildPhases = (
				68201BFB1444CA6300D23B5E /* Sources */,
				68201BFC1444CA6300D23B5E /* Frameworks */,
				68201BFD1444CA6300D23B5E /* Resources */,
			);
			buildRules = (
			);
			dependencies = (
			);
			name = Graphing;
			productName = Graphing;
			productReference = 68201BFF1444CA6300D23B5E /* Graphing.app */;
			productType = "com.apple.product-type.application";
		};
		68201C1C1444CA6300D23B5E /* GraphingTests */ = {
			isa = PBXNativeTarget;
			buildConfigurationList = 68201C341444CA6300D23B5E /* Build configuration list for PBXNativeTarget "GraphingTests" */;
			buildPhases = (
				68201C181444CA6300D23B5E /* Sources */,
				68201C191444CA6300D23B5E /* Frameworks */,
				68201C1A1444CA6300D23B5E /* Resources */,
				68201C1B1444CA6300D23B5E /* ShellScript */,
			);
			buildRules = (
			);
			dependencies = (
				68201C241444CA6300D23B5E /* PBXTargetDependency */,
			);
			name = GraphingTests;
			productName = GraphingTests;
			productReference = 68201C1D1444CA6300D23B5E /* GraphingTests.octest */;
			productType = "com.apple.product-type.bundle";
		};
/* End PBXNativeTarget section */

/* Begin PBXProject section */
		68201BF61444CA6300D23B5E /* Project object */ = {
			isa = PBXProject;
			buildConfigurationList = 68201BF91444CA6300D23B5E /* Build configuration list for PBXProject "Graphing" */;
			compatibilityVersion = "Xcode 3.2";
			developmentRegion = English;
			hasScannedForEncodings = 0;
			knownRegions = (
				en,
			);
			mainGroup = 68201BF41444CA6300D23B5E;
			productRefGroup = 68201C001444CA6300D23B5E /* Products */;
			projectDirPath = "";
			projectRoot = "";
			targets = (
				68201BFE1444CA6300D23B5E /* Graphing */,
				68201C1C1444CA6300D23B5E /* GraphingTests */,
			);
		};
/* End PBXProject section */

/* Begin PBXResourcesBuildPhase section */
		68201BFD1444CA6300D23B5E /* Resources */ = {
			isa = PBXResourcesBuildPhase;
			buildActionMask = 2147483647;
			files = (
				68201C0E1444CA6300D23B5E /* InfoPlist.strings in Resources */,
				68201C171444CA6300D23B5E /* MainWindow.xib in Resources */,
				68201C4A144508C700D23B5E /* CalculatorViewController.xib in Resources */,
				68201C521445149C00D23B5E /* GraphViewController.xib in Resources */,
			);
			runOnlyForDeploymentPostprocessing = 0;
		};
		68201C1A1444CA6300D23B5E /* Resources */ = {
			isa = PBXResourcesBuildPhase;
			buildActionMask = 2147483647;
			files = (
				68201C2A1444CA6300D23B5E /* InfoPlist.strings in Resources */,
				68201C2C1444CA6300D23B5E /* GraphingTests.h in Resources */,
			);
			runOnlyForDeploymentPostprocessing = 0;
		};
/* End PBXResourcesBuildPhase section */

/* Begin PBXShellScriptBuildPhase section */
		68201C1B1444CA6300D23B5E /* ShellScript */ = {
			isa = PBXShellScriptBuildPhase;
			buildActionMask = 2147483647;
			files = (
			);
			inputPaths = (
			);
			outputPaths = (
			);
			runOnlyForDeploymentPostprocessing = 0;
			shellPath = /bin/sh;
			shellScript = "# Run the unit tests in this test bundle.\n\"${SYSTEM_DEVELOPER_DIR}/Tools/RunUnitTests\"\n";
		};
/* End PBXShellScriptBuildPhase section */

/* Begin PBXSourcesBuildPhase section */
		68201BFB1444CA6300D23B5E /* Sources */ = {
			isa = PBXSourcesBuildPhase;
			buildActionMask = 2147483647;
			files = (
				68201C101444CA6300D23B5E /* main.m in Sources */,
				68201C141444CA6300D23B5E /* GraphingAppDelegate.m in Sources */,
				68201C41144508B200D23B5E /* CalculatorBrain.m in Sources */,
				68201C49144508C700D23B5E /* CalculatorViewController.m in Sources */,
				68201C4D14450DB900D23B5E /* AxesDrawer.m in Sources */,
				68201C511445149C00D23B5E /* GraphViewController.m in Sources */,
			);
			runOnlyForDeploymentPostprocessing = 0;
		};
		68201C181444CA6300D23B5E /* Sources */ = {
			isa = PBXSourcesBuildPhase;
			buildActionMask = 2147483647;
			files = (
				68201C2E1444CA6300D23B5E /* GraphingTests.m in Sources */,
			);
			runOnlyForDeploymentPostprocessing = 0;
		};
/* End PBXSourcesBuildPhase section */

/* Begin PBXTargetDependency section */
		68201C241444CA6300D23B5E /* PBXTargetDependency */ = {
			isa = PBXTargetDependency;
			target = 68201BFE1444CA6300D23B5E /* Graphing */;
			targetProxy = 68201C231444CA6300D23B5E /* PBXContainerItemProxy */;
		};
/* End PBXTargetDependency section */

/* Begin PBXVariantGroup section */
		68201C0C1444CA6300D23B5E /* InfoPlist.strings */ = {
			isa = PBXVariantGroup;
			children = (
				68201C0D1444CA6300D23B5E /* en */,
			);
			name = InfoPlist.strings;
			sourceTree = "<group>";
		};
		68201C151444CA6300D23B5E /* MainWindow.xib */ = {
			isa = PBXVariantGroup;
			children = (
				68201C161444CA6300D23B5E /* en */,
			);
			name = MainWindow.xib;
			sourceTree = "<group>";
		};
		68201C281444CA6300D23B5E /* InfoPlist.strings */ = {
			isa = PBXVariantGroup;
			children = (
				68201C291444CA6300D23B5E /* en */,
			);
			name = InfoPlist.strings;
			sourceTree = "<group>";
		};
/* End PBXVariantGroup section */

/* Begin XCBuildConfiguration section */
		68201C2F1444CA6300D23B5E /* Debug */ = {
			isa = XCBuildConfiguration;
			buildSettings = {
				ALWAYS_SEARCH_USER_PATHS = NO;
				ARCHS = "$(ARCHS_UNIVERSAL_IPHONE_OS)";
				"CODE_SIGN_IDENTITY[sdk=iphoneos*]" = "iPhone Developer";
				COPY_PHASE_STRIP = NO;
				GCC_C_LANGUAGE_STANDARD = gnu99;
				GCC_DYNAMIC_NO_PIC = NO;
				GCC_OPTIMIZATION_LEVEL = 0;
				GCC_PREPROCESSOR_DEFINITIONS = (
					"DEBUG=1",
					"$(inherited)",
				);
				GCC_SYMBOLS_PRIVATE_EXTERN = NO;
				GCC_VERSION = com.apple.compilers.llvmgcc42;
				GCC_WARN_ABOUT_MISSING_PROTOTYPES = YES;
				GCC_WARN_ABOUT_RETURN_TYPE = YES;
				GCC_WARN_UNUSED_VARIABLE = YES;
				IPHONEOS_DEPLOYMENT_TARGET = 4.3;
				SDKROOT = iphoneos;
				TARGETED_DEVICE_FAMILY = 2;
			};
			name = Debug;
		};
		68201C301444CA6300D23B5E /* Release */ = {
			isa = XCBuildConfiguration;
			buildSettings = {
				ALWAYS_SEARCH_USER_PATHS = NO;
				ARCHS = "$(ARCHS_UNIVERSAL_IPHONE_OS)";
				"CODE_SIGN_IDENTITY[sdk=iphoneos*]" = "iPhone Developer";
				COPY_PHASE_STRIP = YES;
				GCC_C_LANGUAGE_STANDARD = gnu99;
				GCC_VERSION = com.apple.compilers.llvmgcc42;
				GCC_WARN_ABOUT_MISSING_PROTOTYPES = YES;
				GCC_WARN_ABOUT_RETURN_TYPE = YES;
				GCC_WARN_UNUSED_VARIABLE = YES;
				IPHONEOS_DEPLOYMENT_TARGET = 4.3;
				OTHER_CFLAGS = "-DNS_BLOCK_ASSERTIONS=1";
				SDKROOT = iphoneos;
				TARGETED_DEVICE_FAMILY = 2;
				VALIDATE_PRODUCT = YES;
			};
			name = Release;
		};
		68201C321444CA6300D23B5E /* Debug */ = {
			isa = XCBuildConfiguration;
			buildSettings = {
				GCC_PRECOMPILE_PREFIX_HEADER = YES;
				GCC_PREFIX_HEADER = "Graphing/Graphing-Prefix.pch";
				INFOPLIST_FILE = "Graphing/Graphing-Info.plist";
				PRODUCT_NAME = "$(TARGET_NAME)";
				TARGETED_DEVICE_FAMILY = 1;
				WRAPPER_EXTENSION = app;
			};
			name = Debug;
		};
		68201C331444CA6300D23B5E /* Release */ = {
			isa = XCBuildConfiguration;
			buildSettings = {
				GCC_PRECOMPILE_PREFIX_HEADER = YES;
				GCC_PREFIX_HEADER = "Graphing/Graphing-Prefix.pch";
				INFOPLIST_FILE = "Graphing/Graphing-Info.plist";
				PRODUCT_NAME = "$(TARGET_NAME)";
				TARGETED_DEVICE_FAMILY = 1;
				WRAPPER_EXTENSION = app;
			};
			name = Release;
		};
		68201C351444CA6300D23B5E /* Debug */ = {
			isa = XCBuildConfiguration;
			buildSettings = {
				ARCHS = "$(ARCHS_STANDARD_32_BIT)";
				BUNDLE_LOADER = "$(BUILT_PRODUCTS_DIR)/Graphing.app/Graphing";
				FRAMEWORK_SEARCH_PATHS = (
					"$(SDKROOT)/Developer/Library/Frameworks",
					"$(DEVELOPER_LIBRARY_DIR)/Frameworks",
				);
				GCC_PRECOMPILE_PREFIX_HEADER = YES;
				GCC_PREFIX_HEADER = "Graphing/Graphing-Prefix.pch";
				INFOPLIST_FILE = "GraphingTests/GraphingTests-Info.plist";
				PRODUCT_NAME = "$(TARGET_NAME)";
				TEST_HOST = "$(BUNDLE_LOADER)";
				WRAPPER_EXTENSION = octest;
			};
			name = Debug;
		};
		68201C361444CA6300D23B5E /* Release */ = {
			isa = XCBuildConfiguration;
			buildSettings = {
				ARCHS = "$(ARCHS_STANDARD_32_BIT)";
				BUNDLE_LOADER = "$(BUILT_PRODUCTS_DIR)/Graphing.app/Graphing";
				FRAMEWORK_SEARCH_PATHS = (
					"$(SDKROOT)/Developer/Library/Frameworks",
					"$(DEVELOPER_LIBRARY_DIR)/Frameworks",
				);
				GCC_PRECOMPILE_PREFIX_HEADER = YES;
				GCC_PREFIX_HEADER = "Graphing/Graphing-Prefix.pch";
				INFOPLIST_FILE = "GraphingTests/GraphingTests-Info.plist";
				PRODUCT_NAME = "$(TARGET_NAME)";
				TEST_HOST = "$(BUNDLE_LOADER)";
				WRAPPER_EXTENSION = octest;
			};
			name = Release;
		};
/* End XCBuildConfiguration section */

/* Begin XCConfigurationList section */
		68201BF91444CA6300D23B5E /* Build configuration list for PBXProject "Graphing" */ = {
			isa = XCConfigurationList;
			buildConfigurations = (
				68201C2F1444CA6300D23B5E /* Debug */,
				68201C301444CA6300D23B5E /* Release */,
			);
			defaultConfigurationIsVisible = 0;
			defaultConfigurationName = Release;
		};
		68201C311444CA6300D23B5E /* Build configuration list for PBXNativeTarget "Graphing" */ = {
			isa = XCConfigurationList;
			buildConfigurations = (
				68201C321444CA6300D23B5E /* Debug */,
				68201C331444CA6300D23B5E /* Release */,
			);
			defaultConfigurationIsVisible = 0;
		};
		68201C341444CA6300D23B5E /* Build configuration list for PBXNativeTarget "GraphingTests" */ = {
			isa = XCConfigurationList;
			buildConfigurations = (
				68201C351444CA6300D23B5E /* Debug */,
				68201C361444CA6300D23B5E /* Release */,
			);
			defaultConfigurationIsVisible = 0;
		};
/* End XCConfigurationList section */
	};
	rootObject = 68201BF61444CA6300D23B5E /* Project object */;
}
